// !$*UTF8*$!
{
	archiveVersion = 1;
	classes = {
	};
	objectVersion = 46;
	objects = {

/* Begin PBXBuildFile section */
		6089F5941CE0E61000BAB98D /* AppDelegate.swift in Sources */ = {isa = PBXBuildFile; fileRef = 6089F5931CE0E61000BAB98D /* AppDelegate.swift */; };
		6089F5961CE0E61000BAB98D /* MasterViewController.swift in Sources */ = {isa = PBXBuildFile; fileRef = 6089F5951CE0E61000BAB98D /* MasterViewController.swift */; };
		6089F5981CE0E61000BAB98D /* DetailViewController.swift in Sources */ = {isa = PBXBuildFile; fileRef = 6089F5971CE0E61000BAB98D /* DetailViewController.swift */; };
		6089F59B1CE0E61000BAB98D /* Main.storyboard in Resources */ = {isa = PBXBuildFile; fileRef = 6089F5991CE0E61000BAB98D /* Main.storyboard */; };
		6089F59D1CE0E61000BAB98D /* Assets.xcassets in Resources */ = {isa = PBXBuildFile; fileRef = 6089F59C1CE0E61000BAB98D /* Assets.xcassets */; };
		6089F5A01CE0E61000BAB98D /* LaunchScreen.storyboard in Resources */ = {isa = PBXBuildFile; fileRef = 6089F59E1CE0E61000BAB98D /* LaunchScreen.storyboard */; };
		6089F5AD1CE0E68500BAB98D /* StatsView.swift in Sources */ = {isa = PBXBuildFile; fileRef = 6089F5AC1CE0E68500BAB98D /* StatsView.swift */; };
/* End PBXBuildFile section */

/* Begin PBXFileReference section */
		6089F5901CE0E61000BAB98D /* CaffeineStatsview.app */ = {isa = PBXFileReference; explicitFileType = wrapper.application; includeInIndex = 0; path = CaffeineStatsview.app; sourceTree = BUILT_PRODUCTS_DIR; };
		6089F5931CE0E61000BAB98D /* AppDelegate.swift */ = {isa = PBXFileReference; lastKnownFileType = sourcecode.swift; path = AppDelegate.swift; sourceTree = "<group>"; };
		6089F5951CE0E61000BAB98D /* MasterViewController.swift */ = {isa = PBXFileReference; lastKnownFileType = sourcecode.swift; path = MasterViewController.swift; sourceTree = "<group>"; };
		6089F5971CE0E61000BAB98D /* DetailViewController.swift */ = {isa = PBXFileReference; lastKnownFileType = sourcecode.swift; path = DetailViewController.swift; sourceTree = "<group>"; };
		6089F59A1CE0E61000BAB98D /* Base */ = {isa = PBXFileReference; lastKnownFileType = file.storyboard; name = Base; path = Base.lproj/Main.storyboard; sourceTree = "<group>"; };
		6089F59C1CE0E61000BAB98D /* Assets.xcassets */ = {isa = PBXFileReference; lastKnownFileType = folder.assetcatalog; path = Assets.xcassets; sourceTree = "<group>"; };
		6089F59F1CE0E61000BAB98D /* Base */ = {isa = PBXFileReference; lastKnownFileType = file.storyboard; name = Base; path = Base.lproj/LaunchScreen.storyboard; sourceTree = "<group>"; };
		6089F5A11CE0E61000BAB98D /* Info.plist */ = {isa = PBXFileReference; lastKnownFileType = text.plist.xml; path = Info.plist; sourceTree = "<group>"; };
		6089F5AC1CE0E68500BAB98D /* StatsView.swift */ = {isa = PBXFileReference; fileEncoding = 4; lastKnownFileType = sourcecode.swift; path = StatsView.swift; sourceTree = "<group>"; };
/* End PBXFileReference section */

/* Begin PBXFrameworksBuildPhase section */
		6089F58D1CE0E61000BAB98D /* Frameworks */ = {
			isa = PBXFrameworksBuildPhase;
			buildActionMask = 2147483647;
			files = (
			);
			runOnlyForDeploymentPostprocessing = 0;
		};
/* End PBXFrameworksBuildPhase section */

/* Begin PBXGroup section */
		6089F5871CE0E61000BAB98D = {
			isa = PBXGroup;
			children = (
				6089F5921CE0E61000BAB98D /* CaffeineStatsview */,
				6089F5911CE0E61000BAB98D /* Products */,
			);
			sourceTree = "<group>";
		};
		6089F5911CE0E61000BAB98D /* Products */ = {
			isa = PBXGroup;
			children = (
				6089F5901CE0E61000BAB98D /* CaffeineStatsview.app */,
			);
			name = Products;
			sourceTree = "<group>";
		};
		6089F5921CE0E61000BAB98D /* CaffeineStatsview */ = {
			isa = PBXGroup;
			children = (
				6089F5AB1CE0E64D00BAB98D /* Model */,
				6089F5A81CE0E63700BAB98D /* View */,
				6089F5A71CE0E63000BAB98D /* Controller */,
				6089F5A91CE0E63C00BAB98D /* Supporting Files */,
			);
			path = CaffeineStatsview;
			sourceTree = "<group>";
		};
		6089F5A71CE0E63000BAB98D /* Controller */ = {
			isa = PBXGroup;
			children = (
				6089F5971CE0E61000BAB98D /* DetailViewController.swift */,
				6089F5951CE0E61000BAB98D /* MasterViewController.swift */,
			);
			path = Controller;
			sourceTree = "<group>";
		};
		6089F5A81CE0E63700BAB98D /* View */ = {
			isa = PBXGroup;
			children = (
				6089F5AA1CE0E64600BAB98D /* Storyboard */,
				6089F5AC1CE0E68500BAB98D /* StatsView.swift */,
			);
			path = View;
			sourceTree = "<group>";
		};
		6089F5A91CE0E63C00BAB98D /* Supporting Files */ = {
			isa = PBXGroup;
			children = (
				6089F59C1CE0E61000BAB98D /* Assets.xcassets */,
				6089F5A11CE0E61000BAB98D /* Info.plist */,
			);
			path = "Supporting Files";
			sourceTree = "<group>";
		};
		6089F5AA1CE0E64600BAB98D /* Storyboard */ = {
			isa = PBXGroup;
			children = (
				6089F59E1CE0E61000BAB98D /* LaunchScreen.storyboard */,
				6089F5991CE0E61000BAB98D /* Main.storyboard */,
			);
			path = Storyboard;
			sourceTree = "<group>";
		};
		6089F5AB1CE0E64D00BAB98D /* Model */ = {
			isa = PBXGroup;
			children = (
				6089F5931CE0E61000BAB98D /* AppDelegate.swift */,
			);
			path = Model;
			sourceTree = "<group>";
		};
/* End PBXGroup section */

/* Begin PBXNativeTarget section */
		6089F58F1CE0E61000BAB98D /* CaffeineStatsview */ = {
			isa = PBXNativeTarget;
			buildConfigurationList = 6089F5A41CE0E61000BAB98D /* Build configuration list for PBXNativeTarget "CaffeineStatsview" */;
			buildPhases = (
				6089F58C1CE0E61000BAB98D /* Sources */,
				6089F58D1CE0E61000BAB98D /* Frameworks */,
				6089F58E1CE0E61000BAB98D /* Resources */,
			);
			buildRules = (
			);
			dependencies = (
			);
			name = CaffeineStatsview;
			productName = CaffeineStatsview;
			productReference = 6089F5901CE0E61000BAB98D /* CaffeineStatsview.app */;
			productType = "com.apple.product-type.application";
		};
/* End PBXNativeTarget section */

/* Begin PBXProject section */
		6089F5881CE0E61000BAB98D /* Project object */ = {
			isa = PBXProject;
			attributes = {
				LastSwiftUpdateCheck = 0730;
				LastUpgradeCheck = 0730;
				ORGANIZATIONNAME = kayos;
				TargetAttributes = {
					6089F58F1CE0E61000BAB98D = {
						CreatedOnToolsVersion = 7.3;
					};
				};
			};
			buildConfigurationList = 6089F58B1CE0E61000BAB98D /* Build configuration list for PBXProject "CaffeineStatsview" */;
			compatibilityVersion = "Xcode 3.2";
			developmentRegion = English;
			hasScannedForEncodings = 0;
			knownRegions = (
				en,
				Base,
			);
			mainGroup = 6089F5871CE0E61000BAB98D;
			productRefGroup = 6089F5911CE0E61000BAB98D /* Products */;
			projectDirPath = "";
			projectRoot = "";
			targets = (
				6089F58F1CE0E61000BAB98D /* CaffeineStatsview */,
			);
		};
/* End PBXProject section */

/* Begin PBXResourcesBuildPhase section */
		6089F58E1CE0E61000BAB98D /* Resources */ = {
			isa = PBXResourcesBuildPhase;
			buildActionMask = 2147483647;
			files = (
				6089F5A01CE0E61000BAB98D /* LaunchScreen.storyboard in Resources */,
				6089F59D1CE0E61000BAB98D /* Assets.xcassets in Resources */,
				6089F59B1CE0E61000BAB98D /* Main.storyboard in Resources */,
			);
			runOnlyForDeploymentPostprocessing = 0;
		};
/* End PBXResourcesBuildPhase section */

/* Begin PBXSourcesBuildPhase section */
		6089F58C1CE0E61000BAB98D /* Sources */ = {
			isa = PBXSourcesBuildPhase;
			buildActionMask = 2147483647;
			files = (
				6089F5AD1CE0E68500BAB98D /* StatsView.swift in Sources */,
				6089F5981CE0E61000BAB98D /* DetailViewController.swift in Sources */,
				6089F5961CE0E61000BAB98D /* MasterViewController.swift in Sources */,
				6089F5941CE0E61000BAB98D /* AppDelegate.swift in Sources */,
			);
			runOnlyForDeploymentPostprocessing = 0;
		};
/* End PBXSourcesBuildPhase section */

/* Begin PBXVariantGroup section */
		6089F5991CE0E61000BAB98D /* Main.storyboard */ = {
			isa = PBXVariantGroup;
			children = (
				6089F59A1CE0E61000BAB98D /* Base */,
			);
			name = Main.storyboard;
			path = .;
			sourceTree = "<group>";
		};
		6089F59E1CE0E61000BAB98D /* LaunchScreen.storyboard */ = {
			isa = PBXVariantGroup;
			children = (
				6089F59F1CE0E61000BAB98D /* Base */,
			);
			name = LaunchScreen.storyboard;
			path = .;
			sourceTree = "<group>";
		};
/* End PBXVariantGroup section */

/* Begin XCBuildConfiguration section */
		6089F5A21CE0E61000BAB98D /* Debug */ = {
			isa = XCBuildConfiguration;
			buildSettings = {
				ALWAYS_SEARCH_USER_PATHS = NO;
				CLANG_ANALYZER_NONNULL = YES;
				CLANG_CXX_LANGUAGE_STANDARD = "gnu++0x";
				CLANG_CXX_LIBRARY = "libc++";
				CLANG_ENABLE_MODULES = YES;
				CLANG_ENABLE_OBJC_ARC = YES;
				CLANG_WARN_BOOL_CONVERSION = YES;
				CLANG_WARN_CONSTANT_CONVERSION = YES;
				CLANG_WARN_DIRECT_OBJC_ISA_USAGE = YES_ERROR;
				CLANG_WARN_EMPTY_BODY = YES;
				CLANG_WARN_ENUM_CONVERSION = YES;
				CLANG_WARN_INT_CONVERSION = YES;
				CLANG_WARN_OBJC_ROOT_CLASS = YES_ERROR;
				CLANG_WARN_UNREACHABLE_CODE = YES;
				CLANG_WARN__DUPLICATE_METHOD_MATCH = YES;
				"CODE_SIGN_IDENTITY[sdk=iphoneos*]" = "iPhone Developer";
				COPY_PHASE_STRIP = NO;
				DEBUG_INFORMATION_FORMAT = dwarf;
				ENABLE_STRICT_OBJC_MSGSEND = YES;
				ENABLE_TESTABILITY = YES;
				GCC_C_LANGUAGE_STANDARD = gnu99;
				GCC_DYNAMIC_NO_PIC = NO;
				GCC_NO_COMMON_BLOCKS = YES;
				GCC_OPTIMIZATION_LEVEL = 0;
				GCC_PREPROCESSOR_DEFINITIONS = (
					"DEBUG=1",
					"$(inherited)",
				);
				GCC_WARN_64_TO_32_BIT_CONVERSION = YES;
				GCC_WARN_ABOUT_RETURN_TYPE = YES_ERROR;
				GCC_WARN_UNDECLARED_SELECTOR = YES;
				GCC_WARN_UNINITIALIZED_AUTOS = YES_AGGRESSIVE;
				GCC_WARN_UNUSED_FUNCTION = YES;
				GCC_WARN_UNUSED_VARIABLE = YES;
				IPHONEOS_DEPLOYMENT_TARGET = 9.3;
				MTL_ENABLE_DEBUG_INFO = YES;
				ONLY_ACTIVE_ARCH = YES;
				SDKROOT = iphoneos;
				SWIFT_OPTIMIZATION_LEVEL = "-Onone";
				TARGETED_DEVICE_FAMILY = "1,2";
			};
			name = Debug;
		};
		6089F5A31CE0E61000BAB98D /* Release */ = {
			isa = XCBuildConfiguration;
			buildSettings = {
				ALWAYS_SEARCH_USER_PATHS = NO;
				CLANG_ANALYZER_NONNULL = YES;
				CLANG_CXX_LANGUAGE_STANDARD = "gnu++0x";
				CLANG_CXX_LIBRARY = "libc++";
				CLANG_ENABLE_MODULES = YES;
				CLANG_ENABLE_OBJC_ARC = YES;
				CLANG_WARN_BOOL_CONVERSION = YES;
				CLANG_WARN_CONSTANT_CONVERSION = YES;
				CLANG_WARN_DIRECT_OBJC_ISA_USAGE = YES_ERROR;
				CLANG_WARN_EMPTY_BODY = YES;
				CLANG_WARN_ENUM_CONVERSION = YES;
				CLANG_WARN_INT_CONVERSION = YES;
				CLANG_WARN_OBJC_ROOT_CLASS = YES_ERROR;
				CLANG_WARN_UNREACHABLE_CODE = YES;
				CLANG_WARN__DUPLICATE_METHOD_MATCH = YES;
				"CODE_SIGN_IDENTITY[sdk=iphoneos*]" = "iPhone Developer";
				COPY_PHASE_STRIP = NO;
				DEBUG_INFORMATION_FORMAT = "dwarf-with-dsym";
				ENABLE_NS_ASSERTIONS = NO;
				ENABLE_STRICT_OBJC_MSGSEND = YES;
				GCC_C_LANGUAGE_STANDARD = gnu99;
				GCC_NO_COMMON_BLOCKS = YES;
				GCC_WARN_64_TO_32_BIT_CONVERSION = YES;
				GCC_WARN_ABOUT_RETURN_TYPE = YES_ERROR;
				GCC_WARN_UNDECLARED_SELECTOR = YES;
				GCC_WARN_UNINITIALIZED_AUTOS = YES_AGGRESSIVE;
				GCC_WARN_UNUSED_FUNCTION = YES;
				GCC_WARN_UNUSED_VARIABLE = YES;
				IPHONEOS_DEPLOYMENT_TARGET = 9.3;
				MTL_ENABLE_DEBUG_INFO = NO;
				SDKROOT = iphoneos;
				TARGETED_DEVICE_FAMILY = "1,2";
				VALIDATE_PRODUCT = YES;
			};
			name = Release;
		};
		6089F5A51CE0E61000BAB98D /* Debug */ = {
			isa = XCBuildConfiguration;
			buildSettings = {
				ASSETCATALOG_COMPILER_APPICON_NAME = AppIcon;
				INFOPLIST_FILE = "CaffeineStatsview/Supporting Files/Info.plist";
				LD_RUNPATH_SEARCH_PATHS = "$(inherited) @executable_path/Frameworks";
				PRODUCT_BUNDLE_IDENTIFIER = kayos.CaffeineStatsview;
				PRODUCT_NAME = "$(TARGET_NAME)";
			};
			name = Debug;
		};
		6089F5A61CE0E61000BAB98D /* Release */ = {
			isa = XCBuildConfiguration;
			buildSettings = {
				ASSETCATALOG_COMPILER_APPICON_NAME = AppIcon;
				INFOPLIST_FILE = "CaffeineStatsview/Supporting Files/Info.plist";
				LD_RUNPATH_SEARCH_PATHS = "$(inherited) @executable_path/Frameworks";
				PRODUCT_BUNDLE_IDENTIFIER = kayos.CaffeineStatsview;
				PRODUCT_NAME = "$(TARGET_NAME)";
			};
			name = Release;
		};
/* End XCBuildConfiguration section */

/* Begin XCConfigurationList section */
		6089F58B1CE0E61000BAB98D /* Build configuration list for PBXProject "CaffeineStatsview" */ = {
			isa = XCConfigurationList;
			buildConfigurations = (
				6089F5A21CE0E61000BAB98D /* Debug */,
				6089F5A31CE0E61000BAB98D /* Release */,
			);
			defaultConfigurationIsVisible = 0;
			defaultConfigurationName = Release;
		};
		6089F5A41CE0E61000BAB98D /* Build configuration list for PBXNativeTarget "CaffeineStatsview" */ = {
			isa = XCConfigurationList;
			buildConfigurations = (
				6089F5A51CE0E61000BAB98D /* Debug */,
				6089F5A61CE0E61000BAB98D /* Release */,
			);
			defaultConfigurationIsVisible = 0;
			defaultConfigurationName = Release;
		};
/* End XCConfigurationList section */
	};
	rootObject = 6089F5881CE0E61000BAB98D /* Project object */;
}
